// !$*UTF8*$!
{
	archiveVersion = 1;
	classes = {
	};
	objectVersion = 46;
	objects = {

/* Begin PBXBuildFile section */
		4A6ED1E31E69CB5A00630BC2 /* main.m in Sources */ = {isa = PBXBuildFile; fileRef = 4A6ED1E21E69CB5A00630BC2 /* main.m */; };
		4A6ED1E61E69CB5A00630BC2 /* AppDelegate.m in Sources */ = {isa = PBXBuildFile; fileRef = 4A6ED1E51E69CB5A00630BC2 /* AppDelegate.m */; };
		4A6ED1EC1E69CB5A00630BC2 /* Main.storyboard in Resources */ = {isa = PBXBuildFile; fileRef = 4A6ED1EA1E69CB5A00630BC2 /* Main.storyboard */; };
		4A6ED1EE1E69CB5A00630BC2 /* Assets.xcassets in Resources */ = {isa = PBXBuildFile; fileRef = 4A6ED1ED1E69CB5A00630BC2 /* Assets.xcassets */; };
		4A6ED1F11E69CB5A00630BC2 /* LaunchScreen.storyboard in Resources */ = {isa = PBXBuildFile; fileRef = 4A6ED1EF1E69CB5A00630BC2 /* LaunchScreen.storyboard */; };
		4A6ED1FC1E69CC3800630BC2 /* MovieTableViewCell.swift in Sources */ = {isa = PBXBuildFile; fileRef = 4A6ED1FB1E69CC3800630BC2 /* MovieTableViewCell.swift */; };
		4A6ED1FF1E69CC6200630BC2 /* MovieListTableViewController.swift in Sources */ = {isa = PBXBuildFile; fileRef = 4A6ED1FE1E69CC6200630BC2 /* MovieListTableViewController.swift */; };
		4A6ED2041E69CD0600630BC2 /* DMNMovie.m in Sources */ = {isa = PBXBuildFile; fileRef = 4A6ED2031E69CD0600630BC2 /* DMNMovie.m */; };
		4A6ED2071E69CD1E00630BC2 /* DMNMovieController.m in Sources */ = {isa = PBXBuildFile; fileRef = 4A6ED2061E69CD1E00630BC2 /* DMNMovieController.m */; };
		4A6ED2091E69CD8A00630BC2 /* NetworkController.swift in Sources */ = {isa = PBXBuildFile; fileRef = 4A6ED2081E69CD8A00630BC2 /* NetworkController.swift */; };
/* End PBXBuildFile section */

/* Begin PBXFileReference section */
		4A6ED1DE1E69CB5A00630BC2 /* MovieSearchObjC.app */ = {isa = PBXFileReference; explicitFileType = wrapper.application; includeInIndex = 0; path = MovieSearchObjC.app; sourceTree = BUILT_PRODUCTS_DIR; };
		4A6ED1E21E69CB5A00630BC2 /* main.m */ = {isa = PBXFileReference; lastKnownFileType = sourcecode.c.objc; path = main.m; sourceTree = "<group>"; };
		4A6ED1E41E69CB5A00630BC2 /* AppDelegate.h */ = {isa = PBXFileReference; lastKnownFileType = sourcecode.c.h; path = AppDelegate.h; sourceTree = "<group>"; };
		4A6ED1E51E69CB5A00630BC2 /* AppDelegate.m */ = {isa = PBXFileReference; lastKnownFileType = sourcecode.c.objc; path = AppDelegate.m; sourceTree = "<group>"; };
		4A6ED1EB1E69CB5A00630BC2 /* Base */ = {isa = PBXFileReference; lastKnownFileType = file.storyboard; name = Base; path = Base.lproj/Main.storyboard; sourceTree = "<group>"; };
		4A6ED1ED1E69CB5A00630BC2 /* Assets.xcassets */ = {isa = PBXFileReference; lastKnownFileType = folder.assetcatalog; path = Assets.xcassets; sourceTree = "<group>"; };
		4A6ED1F01E69CB5A00630BC2 /* Base */ = {isa = PBXFileReference; lastKnownFileType = file.storyboard; name = Base; path = Base.lproj/LaunchScreen.storyboard; sourceTree = "<group>"; };
		4A6ED1F21E69CB5A00630BC2 /* Info.plist */ = {isa = PBXFileReference; lastKnownFileType = text.plist.xml; path = Info.plist; sourceTree = "<group>"; };
		4A6ED1FA1E69CC3800630BC2 /* MovieSearchObjC-Bridging-Header.h */ = {isa = PBXFileReference; lastKnownFileType = sourcecode.c.h; path = "MovieSearchObjC-Bridging-Header.h"; sourceTree = "<group>"; };
		4A6ED1FB1E69CC3800630BC2 /* MovieTableViewCell.swift */ = {isa = PBXFileReference; fileEncoding = 4; lastKnownFileType = sourcecode.swift; path = MovieTableViewCell.swift; sourceTree = "<group>"; };
		4A6ED1FE1E69CC6200630BC2 /* MovieListTableViewController.swift */ = {isa = PBXFileReference; fileEncoding = 4; lastKnownFileType = sourcecode.swift; path = MovieListTableViewController.swift; sourceTree = "<group>"; };
		4A6ED2021E69CD0600630BC2 /* DMNMovie.h */ = {isa = PBXFileReference; fileEncoding = 4; lastKnownFileType = sourcecode.c.h; path = DMNMovie.h; sourceTree = "<group>"; };
		4A6ED2031E69CD0600630BC2 /* DMNMovie.m */ = {isa = PBXFileReference; fileEncoding = 4; lastKnownFileType = sourcecode.c.objc; path = DMNMovie.m; sourceTree = "<group>"; };
		4A6ED2051E69CD1E00630BC2 /* DMNMovieController.h */ = {isa = PBXFileReference; fileEncoding = 4; lastKnownFileType = sourcecode.c.h; path = DMNMovieController.h; sourceTree = "<group>"; };
		4A6ED2061E69CD1E00630BC2 /* DMNMovieController.m */ = {isa = PBXFileReference; fileEncoding = 4; lastKnownFileType = sourcecode.c.objc; path = DMNMovieController.m; sourceTree = "<group>"; };
		4A6ED2081E69CD8A00630BC2 /* NetworkController.swift */ = {isa = PBXFileReference; fileEncoding = 4; lastKnownFileType = sourcecode.swift; path = NetworkController.swift; sourceTree = "<group>"; };
/* End PBXFileReference section */

/* Begin PBXFrameworksBuildPhase section */
		4A6ED1DB1E69CB5A00630BC2 /* Frameworks */ = {
			isa = PBXFrameworksBuildPhase;
			buildActionMask = 2147483647;
			files = (
			);
			runOnlyForDeploymentPostprocessing = 0;
		};
/* End PBXFrameworksBuildPhase section */

/* Begin PBXGroup section */
		4A6ED1D51E69CB5A00630BC2 = {
			isa = PBXGroup;
			children = (
				4A6ED1E01E69CB5A00630BC2 /* MovieSearchObjC */,
				4A6ED1DF1E69CB5A00630BC2 /* Products */,
			);
			sourceTree = "<group>";
		};
		4A6ED1DF1E69CB5A00630BC2 /* Products */ = {
			isa = PBXGroup;
			children = (
				4A6ED1DE1E69CB5A00630BC2 /* MovieSearchObjC.app */,
			);
			name = Products;
			sourceTree = "<group>";
		};
		4A6ED1E01E69CB5A00630BC2 /* MovieSearchObjC */ = {
			isa = PBXGroup;
			children = (
				4A6ED2011E69CC7700630BC2 /* Model */,
				4A6ED2001E69CC6800630BC2 /* Model Controller */,
				4A6ED1FD1E69CC4600630BC2 /* View Controller */,
				4A6ED1F91E69CBEE00630BC2 /* View */,
				4A6ED1F81E69CBE200630BC2 /* Resources */,
				4A6ED1E11E69CB5A00630BC2 /* Supporting Files */,
			);
			path = MovieSearchObjC;
			sourceTree = "<group>";
		};
		4A6ED1E11E69CB5A00630BC2 /* Supporting Files */ = {
			isa = PBXGroup;
			children = (
				4A6ED1E21E69CB5A00630BC2 /* main.m */,
				4A6ED2081E69CD8A00630BC2 /* NetworkController.swift */,
				4A6ED1FA1E69CC3800630BC2 /* MovieSearchObjC-Bridging-Header.h */,
			);
			name = "Supporting Files";
			sourceTree = "<group>";
		};
		4A6ED1F81E69CBE200630BC2 /* Resources */ = {
			isa = PBXGroup;
			children = (
				4A6ED1E41E69CB5A00630BC2 /* AppDelegate.h */,
				4A6ED1E51E69CB5A00630BC2 /* AppDelegate.m */,
				4A6ED1ED1E69CB5A00630BC2 /* Assets.xcassets */,
				4A6ED1EF1E69CB5A00630BC2 /* LaunchScreen.storyboard */,
				4A6ED1F21E69CB5A00630BC2 /* Info.plist */,
			);
			name = Resources;
			sourceTree = "<group>";
		};
		4A6ED1F91E69CBEE00630BC2 /* View */ = {
			isa = PBXGroup;
			children = (
				4A6ED1EA1E69CB5A00630BC2 /* Main.storyboard */,
			);
			name = View;
			sourceTree = "<group>";
		};
		4A6ED1FD1E69CC4600630BC2 /* View Controller */ = {
			isa = PBXGroup;
			children = (
				4A6ED1FB1E69CC3800630BC2 /* MovieTableViewCell.swift */,
				4A6ED1FE1E69CC6200630BC2 /* MovieListTableViewController.swift */,
			);
			name = "View Controller";
			sourceTree = "<group>";
		};
		4A6ED2001E69CC6800630BC2 /* Model Controller */ = {
			isa = PBXGroup;
			children = (
				4A6ED2051E69CD1E00630BC2 /* DMNMovieController.h */,
				4A6ED2061E69CD1E00630BC2 /* DMNMovieController.m */,
			);
			name = "Model Controller";
			sourceTree = "<group>";
		};
		4A6ED2011E69CC7700630BC2 /* Model */ = {
			isa = PBXGroup;
			children = (
				4A6ED2021E69CD0600630BC2 /* DMNMovie.h */,
				4A6ED2031E69CD0600630BC2 /* DMNMovie.m */,
			);
			name = Model;
			sourceTree = "<group>";
		};
/* End PBXGroup section */

/* Begin PBXNativeTarget section */
		4A6ED1DD1E69CB5A00630BC2 /* MovieSearchObjC */ = {
			isa = PBXNativeTarget;
			buildConfigurationList = 4A6ED1F51E69CB5A00630BC2 /* Build configuration list for PBXNativeTarget "MovieSearchObjC" */;
			buildPhases = (
				4A6ED1DA1E69CB5A00630BC2 /* Sources */,
				4A6ED1DB1E69CB5A00630BC2 /* Frameworks */,
				4A6ED1DC1E69CB5A00630BC2 /* Resources */,
			);
			buildRules = (
			);
			dependencies = (
			);
			name = MovieSearchObjC;
			productName = MovieSearchObjC;
			productReference = 4A6ED1DE1E69CB5A00630BC2 /* MovieSearchObjC.app */;
			productType = "com.apple.product-type.application";
		};
/* End PBXNativeTarget section */

/* Begin PBXProject section */
		4A6ED1D61E69CB5A00630BC2 /* Project object */ = {
			isa = PBXProject;
			attributes = {
				LastUpgradeCheck = 0820;
				ORGANIZATIONNAME = "Chance Robertson";
				TargetAttributes = {
					4A6ED1DD1E69CB5A00630BC2 = {
						CreatedOnToolsVersion = 8.2.1;
						DevelopmentTeam = W9GXW6462G;
						LastSwiftMigration = 0820;
						ProvisioningStyle = Automatic;
					};
				};
			};
			buildConfigurationList = 4A6ED1D91E69CB5A00630BC2 /* Build configuration list for PBXProject "MovieSearchObjC" */;
			compatibilityVersion = "Xcode 3.2";
			developmentRegion = English;
			hasScannedForEncodings = 0;
			knownRegions = (
				en,
				Base,
			);
			mainGroup = 4A6ED1D51E69CB5A00630BC2;
			productRefGroup = 4A6ED1DF1E69CB5A00630BC2 /* Products */;
			projectDirPath = "";
			projectRoot = "";
			targets = (
				4A6ED1DD1E69CB5A00630BC2 /* MovieSearchObjC */,
			);
		};
/* End PBXProject section */

/* Begin PBXResourcesBuildPhase section */
		4A6ED1DC1E69CB5A00630BC2 /* Resources */ = {
			isa = PBXResourcesBuildPhase;
			buildActionMask = 2147483647;
			files = (
				4A6ED1F11E69CB5A00630BC2 /* LaunchScreen.storyboard in Resources */,
				4A6ED1EE1E69CB5A00630BC2 /* Assets.xcassets in Resources */,
				4A6ED1EC1E69CB5A00630BC2 /* Main.storyboard in Resources */,
			);
			runOnlyForDeploymentPostprocessing = 0;
		};
/* End PBXResourcesBuildPhase section */

/* Begin PBXSourcesBuildPhase section */
		4A6ED1DA1E69CB5A00630BC2 /* Sources */ = {
			isa = PBXSourcesBuildPhase;
			buildActionMask = 2147483647;
			files = (
				4A6ED1FF1E69CC6200630BC2 /* MovieListTableViewController.swift in Sources */,
				4A6ED2041E69CD0600630BC2 /* DMNMovie.m in Sources */,
				4A6ED1E61E69CB5A00630BC2 /* AppDelegate.m in Sources */,
				4A6ED1E31E69CB5A00630BC2 /* main.m in Sources */,
				4A6ED2071E69CD1E00630BC2 /* DMNMovieController.m in Sources */,
				4A6ED2091E69CD8A00630BC2 /* NetworkController.swift in Sources */,
				4A6ED1FC1E69CC3800630BC2 /* MovieTableViewCell.swift in Sources */,
			);
			runOnlyForDeploymentPostprocessing = 0;
		};
/* End PBXSourcesBuildPhase section */

/* Begin PBXVariantGroup section */
		4A6ED1EA1E69CB5A00630BC2 /* Main.storyboard */ = {
			isa = PBXVariantGroup;
			children = (
				4A6ED1EB1E69CB5A00630BC2 /* Base */,
			);
			name = Main.storyboard;
			sourceTree = "<group>";
		};
		4A6ED1EF1E69CB5A00630BC2 /* LaunchScreen.storyboard */ = {
			isa = PBXVariantGroup;
			children = (
				4A6ED1F01E69CB5A00630BC2 /* Base */,
			);
			name = LaunchScreen.storyboard;
			sourceTree = "<group>";
		};
/* End PBXVariantGroup section */

/* Begin XCBuildConfiguration section */
		4A6ED1F31E69CB5A00630BC2 /* Debug */ = {
			isa = XCBuildConfiguration;
			buildSettings = {
				ALWAYS_SEARCH_USER_PATHS = NO;
				CLANG_ANALYZER_NONNULL = YES;
				CLANG_CXX_LANGUAGE_STANDARD = "gnu++0x";
				CLANG_CXX_LIBRARY = "libc++";
				CLANG_ENABLE_MODULES = YES;
				CLANG_ENABLE_OBJC_ARC = YES;
				CLANG_WARN_BOOL_CONVERSION = YES;
				CLANG_WARN_CONSTANT_CONVERSION = YES;
				CLANG_WARN_DIRECT_OBJC_ISA_USAGE = YES_ERROR;
				CLANG_WARN_DOCUMENTATION_COMMENTS = YES;
				CLANG_WARN_EMPTY_BODY = YES;
				CLANG_WARN_ENUM_CONVERSION = YES;
				CLANG_WARN_INFINITE_RECURSION = YES;
				CLANG_WARN_INT_CONVERSION = YES;
				CLANG_WARN_OBJC_ROOT_CLASS = YES_ERROR;
				CLANG_WARN_SUSPICIOUS_MOVE = YES;
				CLANG_WARN_UNREACHABLE_CODE = YES;
				CLANG_WARN__DUPLICATE_METHOD_MATCH = YES;
				"CODE_SIGN_IDENTITY[sdk=iphoneos*]" = "iPhone Developer";
				COPY_PHASE_STRIP = NO;
				DEBUG_INFORMATION_FORMAT = dwarf;
				ENABLE_STRICT_OBJC_MSGSEND = YES;
				ENABLE_TESTABILITY = YES;
				GCC_C_LANGUAGE_STANDARD = gnu99;
				GCC_DYNAMIC_NO_PIC = NO;
				GCC_NO_COMMON_BLOCKS = YES;
				GCC_OPTIMIZATION_LEVEL = 0;
				GCC_PREPROCESSOR_DEFINITIONS = (
					"DEBUG=1",
					"$(inherited)",
				);
				GCC_WARN_64_TO_32_BIT_CONVERSION = YES;
				GCC_WARN_ABOUT_RETURN_TYPE = YES_ERROR;
				GCC_WARN_UNDECLARED_SELECTOR = YES;
				GCC_WARN_UNINITIALIZED_AUTOS = YES_AGGRESSIVE;
				GCC_WARN_UNUSED_FUNCTION = YES;
				GCC_WARN_UNUSED_VARIABLE = YES;
				IPHONEOS_DEPLOYMENT_TARGET = 10.2;
				MTL_ENABLE_DEBUG_INFO = YES;
				ONLY_ACTIVE_ARCH = YES;
				SDKROOT = iphoneos;
			};
			name = Debug;
		};
		4A6ED1F41E69CB5A00630BC2 /* Release */ = {
			isa = XCBuildConfiguration;
			buildSettings = {
				ALWAYS_SEARCH_USER_PATHS = NO;
				CLANG_ANALYZER_NONNULL = YES;
				CLANG_CXX_LANGUAGE_STANDARD = "gnu++0x";
				CLANG_CXX_LIBRARY = "libc++";
				CLANG_ENABLE_MODULES = YES;
				CLANG_ENABLE_OBJC_ARC = YES;
				CLANG_WARN_BOOL_CONVERSION = YES;
				CLANG_WARN_CONSTANT_CONVERSION = YES;
				CLANG_WARN_DIRECT_OBJC_ISA_USAGE = YES_ERROR;
				CLANG_WARN_DOCUMENTATION_COMMENTS = YES;
				CLANG_WARN_EMPTY_BODY = YES;
				CLANG_WARN_ENUM_CONVERSION = YES;
				CLANG_WARN_INFINITE_RECURSION = YES;
				CLANG_WARN_INT_CONVERSION = YES;
				CLANG_WARN_OBJC_ROOT_CLASS = YES_ERROR;
				CLANG_WARN_SUSPICIOUS_MOVE = YES;
				CLANG_WARN_UNREACHABLE_CODE = YES;
				CLANG_WARN__DUPLICATE_METHOD_MATCH = YES;
				"CODE_SIGN_IDENTITY[sdk=iphoneos*]" = "iPhone Developer";
				COPY_PHASE_STRIP = NO;
				DEBUG_INFORMATION_FORMAT = "dwarf-with-dsym";
				ENABLE_NS_ASSERTIONS = NO;
				ENABLE_STRICT_OBJC_MSGSEND = YES;
				GCC_C_LANGUAGE_STANDARD = gnu99;
				GCC_NO_COMMON_BLOCKS = YES;
				GCC_WARN_64_TO_32_BIT_CONVERSION = YES;
				GCC_WARN_ABOUT_RETURN_TYPE = YES_ERROR;
				GCC_WARN_UNDECLARED_SELECTOR = YES;
				GCC_WARN_UNINITIALIZED_AUTOS = YES_AGGRESSIVE;
				GCC_WARN_UNUSED_FUNCTION = YES;
				GCC_WARN_UNUSED_VARIABLE = YES;
				IPHONEOS_DEPLOYMENT_TARGET = 10.2;
				MTL_ENABLE_DEBUG_INFO = NO;
				SDKROOT = iphoneos;
				VALIDATE_PRODUCT = YES;
			};
			name = Release;
		};
		4A6ED1F61E69CB5A00630BC2 /* Debug */ = {
			isa = XCBuildConfiguration;
			buildSettings = {
				ASSETCATALOG_COMPILER_APPICON_NAME = AppIcon;
				CLANG_ENABLE_MODULES = YES;
				DEVELOPMENT_TEAM = W9GXW6462G;
				INFOPLIST_FILE = MovieSearchObjC/Info.plist;
				LD_RUNPATH_SEARCH_PATHS = "$(inherited) @executable_path/Frameworks";
				PRODUCT_BUNDLE_IDENTIFIER = chancerobertson.MovieSearchObjC;
				PRODUCT_NAME = "$(TARGET_NAME)";
				SWIFT_OBJC_BRIDGING_HEADER = "MovieSearchObjC/MovieSearchObjC-Bridging-Header.h";
				SWIFT_OPTIMIZATION_LEVEL = "-Onone";
				SWIFT_VERSION = 3.0;
			};
			name = Debug;
		};
		4A6ED1F71E69CB5A00630BC2 /* Release */ = {
			isa = XCBuildConfiguration;
			buildSettings = {
				ASSETCATALOG_COMPILER_APPICON_NAME = AppIcon;
				CLANG_ENABLE_MODULES = YES;
				DEVELOPMENT_TEAM = W9GXW6462G;
				INFOPLIST_FILE = MovieSearchObjC/Info.plist;
				LD_RUNPATH_SEARCH_PATHS = "$(inherited) @executable_path/Frameworks";
				PRODUCT_BUNDLE_IDENTIFIER = chancerobertson.MovieSearchObjC;
				PRODUCT_NAME = "$(TARGET_NAME)";
				SWIFT_OBJC_BRIDGING_HEADER = "MovieSearchObjC/MovieSearchObjC-Bridging-Header.h";
				SWIFT_VERSION = 3.0;
			};
			name = Release;
		};
/* End XCBuildConfiguration section */

/* Begin XCConfigurationList section */
		4A6ED1D91E69CB5A00630BC2 /* Build configuration list for PBXProject "MovieSearchObjC" */ = {
			isa = XCConfigurationList;
			buildConfigurations = (
				4A6ED1F31E69CB5A00630BC2 /* Debug */,
				4A6ED1F41E69CB5A00630BC2 /* Release */,
			);
			defaultConfigurationIsVisible = 0;
			defaultConfigurationName = Release;
		};
		4A6ED1F51E69CB5A00630BC2 /* Build configuration list for PBXNativeTarget "MovieSearchObjC" */ = {
			isa = XCConfigurationList;
			buildConfigurations = (
				4A6ED1F61E69CB5A00630BC2 /* Debug */,
				4A6ED1F71E69CB5A00630BC2 /* Release */,
			);
			defaultConfigurationIsVisible = 0;
		};
/* End XCConfigurationList section */
	};
	rootObject = 4A6ED1D61E69CB5A00630BC2 /* Project object */;
}
